dependencies:
  espressif/esp-nn:
    component_hash: e98a7dd3dfde460b1b4ca982e2ebae0b4831719a8e4659d19c145943deaf682b
    dependencies:
    - name: idf
      require: private
      version: '>=4.2'
    source:
      registry_url: https://components.espressif.com
      type: service
    version: 1.2.3
  espressif/esp-tflite-micro:
    component_hash: 57aa3889d3c7b7a513f716c2cb8707476a5bf42971d63a6f6d38a5616d862e57
    dependencies:
    - name: espressif/esp-nn
      registry_url: https://components.espressif.com
      require: private
      version: '>=1.1.1'
    - name: idf
      require: private
      version: '>=5.0'
    source:
      registry_url: https://components.espressif.com/
      type: service
    version: 1.3.5
  idf:
    source:
      type: idf
    version: 6.0.1
direct_dependencies:
- espressif/esp-tflite-micro
- idf
manifest_hash: ae9ab77dec8940d728a045a19b4f6a1bf4b68c4c9f21458593087282d7c55ead
target: esp32p4
version: 3.0.0
